dependencies:
- name: common
  repository: https://charts.bitnami.com/bitnami
  version: 2.13.4
- name: postgresql
  repository: https://charts.bitnami.com/bitnami
  version: 11.8.2
- name: redis
  repository: https://charts.bitnami.com/bitnami
  version: 17.1.8
digest: sha256:41f41a79cae6818738de531d0e0a242550dff9b60f7224a2fc1d9185b3dd5737
generated: "2025-02-23T08:06:53.899821471-08:00"
